- name: tests.yml \ Curl basic flow
  commands:
    - command: curl -sf --show-error -H "$AUTH"          0.0.0.0:4000/ties                     |
          jq '.data[] | .slug, .target_url'
      checks:
        - name: stdout
          data:
            - ""
        - name: exitcode
          data:
            - "0"
    - command: curl -sf --show-error -H "$AUTH" -XPOST   0.0.0.0:4000/ties -d @create.json     |
          jq '.slug, .target_url'
      checks:
        - name: stdout
          data:
            - '"smoke"'
            - '"http://0.0.0.0:4000/__smoke?existing_query=should_persist"'
        - name: exitcode
          data:
            - "0"
    - command: curl -sf --show-error -H "$AUTH"          0.0.0.0:4000/ties                     |
          jq '.data[] | .slug, .target_url'
      checks:
        - name: stdout
          data:
            - '"smoke"'
            - '"http://0.0.0.0:4000/__smoke?existing_query=should_persist"'
        - name: exitcode
          data:
            - "0"
    - command: curl -sf --show-error -H "$AUTH" -L       0.0.0.0:4000/smoke?Company=123\&x=7
      checks:
        - name: stdout
          data:
            - '{"Company":"123","existing_query":"should_persist","message":"Hello
              Smoke Tests","x":"7"}'
        - name: exitcode
          data:
            - "0"
    - command: curl -sf --show-error -H "$AUTH" -XDELETE 0.0.0.0:4000/ties/smoke               |
          jq '.slug, .target_url'
      checks:
        - name: stdout
          data:
            - '"smoke"'
            - '"http://0.0.0.0:4000/__smoke?existing_query=should_persist"'
        - name: exitcode
          data:
            - "0"
    - command: curl -sf --show-error -H "$AUTH"          0.0.0.0:4000/ties                     |
          jq '.data[] | .slug, .target_url'
      checks:
        - name: stdout
          data:
            - ""
        - name: exitcode
          data:
            - "0"
